// !$*UTF8*$!
{
	archiveVersion = 1;
	classes = {
	};
	objectVersion = 50;
	objects = {

/* Begin PBXBuildFile section */
		64A219D224262EE400969AAA /* AppDelegate.swift in Sources */ = {isa = PBXBuildFile; fileRef = 64A219D124262EE400969AAA /* AppDelegate.swift */; };
		64A219D424262EE400969AAA /* SceneDelegate.swift in Sources */ = {isa = PBXBuildFile; fileRef = 64A219D324262EE400969AAA /* SceneDelegate.swift */; };
		64A219D624262EE400969AAA /* ViewController.swift in Sources */ = {isa = PBXBuildFile; fileRef = 64A219D524262EE400969AAA /* ViewController.swift */; };
		64A219D924262EE400969AAA /* Main.storyboard in Resources */ = {isa = PBXBuildFile; fileRef = 64A219D724262EE400969AAA /* Main.storyboard */; };
		64A219DB24262EE400969AAA /* Assets.xcassets in Resources */ = {isa = PBXBuildFile; fileRef = 64A219DA24262EE400969AAA /* Assets.xcassets */; };
		64A219DE24262EE400969AAA /* LaunchScreen.storyboard in Resources */ = {isa = PBXBuildFile; fileRef = 64A219DC24262EE400969AAA /* LaunchScreen.storyboard */; };
		64A219E62426321F00969AAA /* ResultViewController.swift in Sources */ = {isa = PBXBuildFile; fileRef = 64A219E52426321F00969AAA /* ResultViewController.swift */; };
/* End PBXBuildFile section */

/* Begin PBXFileReference section */
		64A219CE24262EE400969AAA /* Second Kadai  App.app */ = {isa = PBXFileReference; explicitFileType = wrapper.application; includeInIndex = 0; path = "Second Kadai  App.app"; sourceTree = BUILT_PRODUCTS_DIR; };
		64A219D124262EE400969AAA /* AppDelegate.swift */ = {isa = PBXFileReference; lastKnownFileType = sourcecode.swift; path = AppDelegate.swift; sourceTree = "<group>"; };
		64A219D324262EE400969AAA /* SceneDelegate.swift */ = {isa = PBXFileReference; lastKnownFileType = sourcecode.swift; path = SceneDelegate.swift; sourceTree = "<group>"; };
		64A219D524262EE400969AAA /* ViewController.swift */ = {isa = PBXFileReference; lastKnownFileType = sourcecode.swift; path = ViewController.swift; sourceTree = "<group>"; };
		64A219D824262EE400969AAA /* Base */ = {isa = PBXFileReference; lastKnownFileType = file.storyboard; name = Base; path = Base.lproj/Main.storyboard; sourceTree = "<group>"; };
		64A219DA24262EE400969AAA /* Assets.xcassets */ = {isa = PBXFileReference; lastKnownFileType = folder.assetcatalog; path = Assets.xcassets; sourceTree = "<group>"; };
		64A219DD24262EE400969AAA /* Base */ = {isa = PBXFileReference; lastKnownFileType = file.storyboard; name = Base; path = Base.lproj/LaunchScreen.storyboard; sourceTree = "<group>"; };
		64A219DF24262EE400969AAA /* Info.plist */ = {isa = PBXFileReference; lastKnownFileType = text.plist.xml; path = Info.plist; sourceTree = "<group>"; };
		64A219E52426321F00969AAA /* ResultViewController.swift */ = {isa = PBXFileReference; lastKnownFileType = sourcecode.swift; path = ResultViewController.swift; sourceTree = "<group>"; };
/* End PBXFileReference section */

/* Begin PBXFrameworksBuildPhase section */
		64A219CB24262EE400969AAA /* Frameworks */ = {
			isa = PBXFrameworksBuildPhase;
			buildActionMask = 2147483647;
			files = (
			);
			runOnlyForDeploymentPostprocessing = 0;
		};
/* End PBXFrameworksBuildPhase section */

/* Begin PBXGroup section */
		64A219C524262EE300969AAA = {
			isa = PBXGroup;
			children = (
				64A219D024262EE400969AAA /* Second Kadai  App */,
				64A219CF24262EE400969AAA /* Products */,
			);
			sourceTree = "<group>";
		};
		64A219CF24262EE400969AAA /* Products */ = {
			isa = PBXGroup;
			children = (
				64A219CE24262EE400969AAA /* Second Kadai  App.app */,
			);
			name = Products;
			sourceTree = "<group>";
		};
		64A219D024262EE400969AAA /* Second Kadai  App */ = {
			isa = PBXGroup;
			children = (
				64A219D124262EE400969AAA /* AppDelegate.swift */,
				64A219D324262EE400969AAA /* SceneDelegate.swift */,
				64A219D524262EE400969AAA /* ViewController.swift */,
				64A219D724262EE400969AAA /* Main.storyboard */,
				64A219E52426321F00969AAA /* ResultViewController.swift */,
				64A219DA24262EE400969AAA /* Assets.xcassets */,
				64A219DC24262EE400969AAA /* LaunchScreen.storyboard */,
				64A219DF24262EE400969AAA /* Info.plist */,
			);
			path = "Second Kadai  App";
			sourceTree = "<group>";
		};
/* End PBXGroup section */

/* Begin PBXNativeTarget section */
		64A219CD24262EE400969AAA /* Second Kadai  App */ = {
			isa = PBXNativeTarget;
			buildConfigurationList = 64A219E224262EE400969AAA /* Build configuration list for PBXNativeTarget "Second Kadai  App" */;
			buildPhases = (
				64A219CA24262EE400969AAA /* Sources */,
				64A219CB24262EE400969AAA /* Frameworks */,
				64A219CC24262EE400969AAA /* Resources */,
			);
			buildRules = (
			);
			dependencies = (
			);
			name = "Second Kadai  App";
			productName = "Second Kadai  App";
			productReference = 64A219CE24262EE400969AAA /* Second Kadai  App.app */;
			productType = "com.apple.product-type.application";
		};
/* End PBXNativeTarget section */

/* Begin PBXProject section */
		64A219C624262EE300969AAA /* Project object */ = {
			isa = PBXProject;
			attributes = {
				LastSwiftUpdateCheck = 1110;
				LastUpgradeCheck = 1110;
				ORGANIZATIONNAME = "Kazuya Aoki";
				TargetAttributes = {
					64A219CD24262EE400969AAA = {
						CreatedOnToolsVersion = 11.1;
					};
				};
			};
			buildConfigurationList = 64A219C924262EE300969AAA /* Build configuration list for PBXProject "Second Kadai  App" */;
			compatibilityVersion = "Xcode 9.3";
			developmentRegion = en;
			hasScannedForEncodings = 0;
			knownRegions = (
				en,
				Base,
			);
			mainGroup = 64A219C524262EE300969AAA;
			productRefGroup = 64A219CF24262EE400969AAA /* Products */;
			projectDirPath = "";
			projectRoot = "";
			targets = (
				64A219CD24262EE400969AAA /* Second Kadai  App */,
			);
		};
/* End PBXProject section */

/* Begin PBXResourcesBuildPhase section */
		64A219CC24262EE400969AAA /* Resources */ = {
			isa = PBXResourcesBuildPhase;
			buildActionMask = 2147483647;
			files = (
				64A219DE24262EE400969AAA /* LaunchScreen.storyboard in Resources */,
				64A219DB24262EE400969AAA /* Assets.xcassets in Resources */,
				64A219D924262EE400969AAA /* Main.storyboard in Resources */,
			);
			runOnlyForDeploymentPostprocessing = 0;
		};
/* End PBXResourcesBuildPhase section */

/* Begin PBXSourcesBuildPhase section */
		64A219CA24262EE400969AAA /* Sources */ = {
			isa = PBXSourcesBuildPhase;
			buildActionMask = 2147483647;
			files = (
				64A219D624262EE400969AAA /* ViewController.swift in Sources */,
				64A219D224262EE400969AAA /* AppDelegate.swift in Sources */,
				64A219D424262EE400969AAA /* SceneDelegate.swift in Sources */,
				64A219E62426321F00969AAA /* ResultViewController.swift in Sources */,
			);
			runOnlyForDeploymentPostprocessing = 0;
		};
/* End PBXSourcesBuildPhase section */

/* Begin PBXVariantGroup section */
		64A219D724262EE400969AAA /* Main.storyboard */ = {
			isa = PBXVariantGroup;
			children = (
				64A219D824262EE400969AAA /* Base */,
			);
			name = Main.storyboard;
			sourceTree = "<group>";
		};
		64A219DC24262EE400969AAA /* LaunchScreen.storyboard */ = {
			isa = PBXVariantGroup;
			children = (
				64A219DD24262EE400969AAA /* Base */,
			);
			name = LaunchScreen.storyboard;
			sourceTree = "<group>";
		};
/* End PBXVariantGroup section */

/* Begin XCBuildConfiguration section */
		64A219E024262EE400969AAA /* Debug */ = {
			isa = XCBuildConfiguration;
			buildSettings = {
				ALWAYS_SEARCH_USER_PATHS = NO;
				CLANG_ANALYZER_NONNULL = YES;
				CLANG_ANALYZER_NUMBER_OBJECT_CONVERSION = YES_AGGRESSIVE;
				CLANG_CXX_LANGUAGE_STANDARD = "gnu++14";
				CLANG_CXX_LIBRARY = "libc++";
				CLANG_ENABLE_MODULES = YES;
				CLANG_ENABLE_OBJC_ARC = YES;
				CLANG_ENABLE_OBJC_WEAK = YES;
				CLANG_WARN_BLOCK_CAPTURE_AUTORELEASING = YES;
				CLANG_WARN_BOOL_CONVERSION = YES;
				CLANG_WARN_COMMA = YES;
				CLANG_WARN_CONSTANT_CONVERSION = YES;
				CLANG_WARN_DEPRECATED_OBJC_IMPLEMENTATIONS = YES;
				CLANG_WARN_DIRECT_OBJC_ISA_USAGE = YES_ERROR;
				CLANG_WARN_DOCUMENTATION_COMMENTS = YES;
				CLANG_WARN_EMPTY_BODY = YES;
				CLANG_WARN_ENUM_CONVERSION = YES;
				CLANG_WARN_INFINITE_RECURSION = YES;
				CLANG_WARN_INT_CONVERSION = YES;
				CLANG_WARN_NON_LITERAL_NULL_CONVERSION = YES;
				CLANG_WARN_OBJC_IMPLICIT_RETAIN_SELF = YES;
				CLANG_WARN_OBJC_LITERAL_CONVERSION = YES;
				CLANG_WARN_OBJC_ROOT_CLASS = YES_ERROR;
				CLANG_WARN_RANGE_LOOP_ANALYSIS = YES;
				CLANG_WARN_STRICT_PROTOTYPES = YES;
				CLANG_WARN_SUSPICIOUS_MOVE = YES;
				CLANG_WARN_UNGUARDED_AVAILABILITY = YES_AGGRESSIVE;
				CLANG_WARN_UNREACHABLE_CODE = YES;
				CLANG_WARN__DUPLICATE_METHOD_MATCH = YES;
				COPY_PHASE_STRIP = NO;
				DEBUG_INFORMATION_FORMAT = dwarf;
				ENABLE_STRICT_OBJC_MSGSEND = YES;
				ENABLE_TESTABILITY = YES;
				GCC_C_LANGUAGE_STANDARD = gnu11;
				GCC_DYNAMIC_NO_PIC = NO;
				GCC_NO_COMMON_BLOCKS = YES;
				GCC_OPTIMIZATION_LEVEL = 0;
				GCC_PREPROCESSOR_DEFINITIONS = (
					"DEBUG=1",
					"$(inherited)",
				);
				GCC_WARN_64_TO_32_BIT_CONVERSION = YES;
				GCC_WARN_ABOUT_RETURN_TYPE = YES_ERROR;
				GCC_WARN_UNDECLARED_SELECTOR = YES;
				GCC_WARN_UNINITIALIZED_AUTOS = YES_AGGRESSIVE;
				GCC_WARN_UNUSED_FUNCTION = YES;
				GCC_WARN_UNUSED_VARIABLE = YES;
				IPHONEOS_DEPLOYMENT_TARGET = 13.1;
				MTL_ENABLE_DEBUG_INFO = INCLUDE_SOURCE;
				MTL_FAST_MATH = YES;
				ONLY_ACTIVE_ARCH = YES;
				SDKROOT = iphoneos;
				SWIFT_ACTIVE_COMPILATION_CONDITIONS = DEBUG;
				SWIFT_OPTIMIZATION_LEVEL = "-Onone";
			};
			name = Debug;
		};
		64A219E124262EE400969AAA /* Release */ = {
			isa = XCBuildConfiguration;
			buildSettings = {
				ALWAYS_SEARCH_USER_PATHS = NO;
				CLANG_ANALYZER_NONNULL = YES;
				CLANG_ANALYZER_NUMBER_OBJECT_CONVERSION = YES_AGGRESSIVE;
				CLANG_CXX_LANGUAGE_STANDARD = "gnu++14";
				CLANG_CXX_LIBRARY = "libc++";
				CLANG_ENABLE_MODULES = YES;
				CLANG_ENABLE_OBJC_ARC = YES;
				CLANG_ENABLE_OBJC_WEAK = YES;
				CLANG_WARN_BLOCK_CAPTURE_AUTORELEASING = YES;
				CLANG_WARN_BOOL_CONVERSION = YES;
				CLANG_WARN_COMMA = YES;
				CLANG_WARN_CONSTANT_CONVERSION = YES;
				CLANG_WARN_DEPRECATED_OBJC_IMPLEMENTATIONS = YES;
				CLANG_WARN_DIRECT_OBJC_ISA_USAGE = YES_ERROR;
				CLANG_WARN_DOCUMENTATION_COMMENTS = YES;
				CLANG_WARN_EMPTY_BODY = YES;
				CLANG_WARN_ENUM_CONVERSION = YES;
				CLANG_WARN_INFINITE_RECURSION = YES;
				CLANG_WARN_INT_CONVERSION = YES;
				CLANG_WARN_NON_LITERAL_NULL_CONVERSION = YES;
				CLANG_WARN_OBJC_IMPLICIT_RETAIN_SELF = YES;
				CLANG_WARN_OBJC_LITERAL_CONVERSION = YES;
				CLANG_WARN_OBJC_ROOT_CLASS = YES_ERROR;
				CLANG_WARN_RANGE_LOOP_ANALYSIS = YES;
				CLANG_WARN_STRICT_PROTOTYPES = YES;
				CLANG_WARN_SUSPICIOUS_MOVE = YES;
				CLANG_WARN_UNGUARDED_AVAILABILITY = YES_AGGRESSIVE;
				CLANG_WARN_UNREACHABLE_CODE = YES;
				CLANG_WARN__DUPLICATE_METHOD_MATCH = YES;
				COPY_PHASE_STRIP = NO;
				DEBUG_INFORMATION_FORMAT = "dwarf-with-dsym";
				ENABLE_NS_ASSERTIONS = NO;
				ENABLE_STRICT_OBJC_MSGSEND = YES;
				GCC_C_LANGUAGE_STANDARD = gnu11;
				GCC_NO_COMMON_BLOCKS = YES;
				GCC_WARN_64_TO_32_BIT_CONVERSION = YES;
				GCC_WARN_ABOUT_RETURN_TYPE = YES_ERROR;
				GCC_WARN_UNDECLARED_SELECTOR = YES;
				GCC_WARN_UNINITIALIZED_AUTOS = YES_AGGRESSIVE;
				GCC_WARN_UNUSED_FUNCTION = YES;
				GCC_WARN_UNUSED_VARIABLE = YES;
				IPHONEOS_DEPLOYMENT_TARGET = 13.1;
				MTL_ENABLE_DEBUG_INFO = NO;
				MTL_FAST_MATH = YES;
				SDKROOT = iphoneos;
				SWIFT_COMPILATION_MODE = wholemodule;
				SWIFT_OPTIMIZATION_LEVEL = "-O";
				VALIDATE_PRODUCT = YES;
			};
			name = Release;
		};
		64A219E324262EE400969AAA /* Debug */ = {
			isa = XCBuildConfiguration;
			buildSettings = {
				ASSETCATALOG_COMPILER_APPICON_NAME = AppIcon;
				CODE_SIGN_STYLE = Automatic;
				DEVELOPMENT_TEAM = U7G5T5DPA5;
				INFOPLIST_FILE = "Second Kadai  App/Info.plist";
				LD_RUNPATH_SEARCH_PATHS = (
					"$(inherited)",
					"@executable_path/Frameworks",
				);
				PRODUCT_BUNDLE_IDENTIFIER = "com.gmail.kazuya010928.Second-Kadai--App";
				PRODUCT_NAME = "$(TARGET_NAME)";
				SWIFT_VERSION = 5.0;
				TARGETED_DEVICE_FAMILY = "1,2";
			};
			name = Debug;
		};
		64A219E424262EE400969AAA /* Release */ = {
			isa = XCBuildConfiguration;
			buildSettings = {
				ASSETCATALOG_COMPILER_APPICON_NAME = AppIcon;
				CODE_SIGN_STYLE = Automatic;
				DEVELOPMENT_TEAM = U7G5T5DPA5;
				INFOPLIST_FILE = "Second Kadai  App/Info.plist";
				LD_RUNPATH_SEARCH_PATHS = (
					"$(inherited)",
					"@executable_path/Frameworks",
				);
				PRODUCT_BUNDLE_IDENTIFIER = "com.gmail.kazuya010928.Second-Kadai--App";
				PRODUCT_NAME = "$(TARGET_NAME)";
				SWIFT_VERSION = 5.0;
				TARGETED_DEVICE_FAMILY = "1,2";
			};
			name = Release;
		};
/* End XCBuildConfiguration section */

/* Begin XCConfigurationList section */
		64A219C924262EE300969AAA /* Build configuration list for PBXProject "Second Kadai  App" */ = {
			isa = XCConfigurationList;
			buildConfigurations = (
				64A219E024262EE400969AAA /* Debug */,
				64A219E124262EE400969AAA /* Release */,
			);
			defaultConfigurationIsVisible = 0;
			defaultConfigurationName = Release;
		};
		64A219E224262EE400969AAA /* Build configuration list for PBXNativeTarget "Second Kadai  App" */ = {
			isa = XCConfigurationList;
			buildConfigurations = (
				64A219E324262EE400969AAA /* Debug */,
				64A219E424262EE400969AAA /* Release */,
			);
			defaultConfigurationIsVisible = 0;
			defaultConfigurationName = Release;
		};
/* End XCConfigurationList section */
	};
	rootObject = 64A219C624262EE300969AAA /* Project object */;
}
